
Microsoft Visual Studio Solution File, Format Version 12.00
# Visual Studio Version 17
VisualStudioVersion = 17.3.32929.385
MinimumVisualStudioVersion = 10.0.40219.1
Project("{9A19103F-16F7-4668-BE54-9A1E7A4F7556}") = "Example.CodingTask.Data", "Example.CodingTask.Data\Example.CodingTask.Data.csproj", "{F8340651-05C3-45F0-8434-112A824D8564}"
EndProject
Project("{9A19103F-16F7-4668-BE54-9A1E7A4F7556}") = "Example.CodingTask.Host", "Example.CodingTask.Host\Example.CodingTask.Host.csproj", "{821161E4-DC2A-47D7-99A3-CED3C778CFEC}"
EndProject
Project("{9A19103F-16F7-4668-BE54-9A1E7A4F7556}") = "Example.CodingTask.Core", "Example.CodingTask.Core\Example.CodingTask.Core.csproj", "{C82499AB-1543-4385-ACBA-5B6B3A34DA96}"
EndProject
Project("{9A19103F-16F7-4668-BE54-9A1E7A4F7556}") = "Example.CodingTask.Service", "Example.CodingTask.Service\Example.CodingTask.Service.csproj", "{9C81F344-DD16-4074-9190-34F26E6C7717}"
EndProject
Project("{9A19103F-16F7-4668-BE54-9A1E7A4F7556}") = "Example.CodingTask.Common", "Example.CodingTask.Common\Example.CodingTask.Common.csproj", "{40BF4FBE-DF22-4E35-BCDB-6A21591DDC6D}"
EndProject
Project("{9A19103F-16F7-4668-BE54-9A1E7A4F7556}") = "Example.CodingTask.Utilities", "Example.CodingTask.Utilities\Example.CodingTask.Utilities.csproj", "{CAC582BD-8104-4652-A28D-EE5C1D6621EA}"
EndProject
Global
	GlobalSection(SolutionConfigurationPlatforms) = preSolution
		Debug|Any CPU = Debug|Any CPU
		Release|Any CPU = Release|Any CPU
	EndGlobalSection
	GlobalSection(ProjectConfigurationPlatforms) = postSolution
		{F8340651-05C3-45F0-8434-112A824D8564}.Debug|Any CPU.ActiveCfg = Debug|Any CPU
		{F8340651-05C3-45F0-8434-112A824D8564}.Debug|Any CPU.Build.0 = Debug|Any CPU
		{F8340651-05C3-45F0-8434-112A824D8564}.Release|Any CPU.ActiveCfg = Release|Any CPU
		{F8340651-05C3-45F0-8434-112A824D8564}.Release|Any CPU.Build.0 = Release|Any CPU
		{821161E4-DC2A-47D7-99A3-CED3C778CFEC}.Debug|Any CPU.ActiveCfg = Debug|Any CPU
		{821161E4-DC2A-47D7-99A3-CED3C778CFEC}.Debug|Any CPU.Build.0 = Debug|Any CPU
		{821161E4-DC2A-47D7-99A3-CED3C778CFEC}.Release|Any CPU.ActiveCfg = Release|Any CPU
		{821161E4-DC2A-47D7-99A3-CED3C778CFEC}.Release|Any CPU.Build.0 = Release|Any CPU
		{C82499AB-1543-4385-ACBA-5B6B3A34DA96}.Debug|Any CPU.ActiveCfg = Debug|Any CPU
		{C82499AB-1543-4385-ACBA-5B6B3A34DA96}.Debug|Any CPU.Build.0 = Debug|Any CPU
		{C82499AB-1543-4385-ACBA-5B6B3A34DA96}.Release|Any CPU.ActiveCfg = Release|Any CPU
		{C82499AB-1543-4385-ACBA-5B6B3A34DA96}.Release|Any CPU.Build.0 = Release|Any CPU
		{9C81F344-DD16-4074-9190-34F26E6C7717}.Debug|Any CPU.ActiveCfg = Debug|Any CPU
		{9C81F344-DD16-4074-9190-34F26E6C7717}.Debug|Any CPU.Build.0 = Debug|Any CPU
		{9C81F344-DD16-4074-9190-34F26E6C7717}.Release|Any CPU.ActiveCfg = Release|Any CPU
		{9C81F344-DD16-4074-9190-34F26E6C7717}.Release|Any CPU.Build.0 = Release|Any CPU
		{40BF4FBE-DF22-4E35-BCDB-6A21591DDC6D}.Debug|Any CPU.ActiveCfg = Debug|Any CPU
		{40BF4FBE-DF22-4E35-BCDB-6A21591DDC6D}.Debug|Any CPU.Build.0 = Debug|Any CPU
		{40BF4FBE-DF22-4E35-BCDB-6A21591DDC6D}.Release|Any CPU.ActiveCfg = Release|Any CPU
		{40BF4FBE-DF22-4E35-BCDB-6A21591DDC6D}.Release|Any CPU.Build.0 = Release|Any CPU
		{CAC582BD-8104-4652-A28D-EE5C1D6621EA}.Debug|Any CPU.ActiveCfg = Debug|Any CPU
		{CAC582BD-8104-4652-A28D-EE5C1D6621EA}.Debug|Any CPU.Build.0 = Debug|Any CPU
		{CAC582BD-8104-4652-A28D-EE5C1D6621EA}.Release|Any CPU.ActiveCfg = Release|Any CPU
		{CAC582BD-8104-4652-A28D-EE5C1D6621EA}.Release|Any CPU.Build.0 = Release|Any CPU
	EndGlobalSection
	GlobalSection(SolutionProperties) = preSolution
		HideSolutionNode = FALSE
	EndGlobalSection
	GlobalSection(ExtensibilityGlobals) = postSolution
		SolutionGuid = {12961400-C887-4678-BF3F-CAFB07D7E7A5}
	EndGlobalSection
EndGlobal
